
Microsoft Visual Studio Solution File, Format Version 12.00
# Visual Studio Version 17
VisualStudioVersion = 17.4.33213.308
MinimumVisualStudioVersion = 10.0.40219.1
Project("{FAE04EC0-301F-11D3-BF4B-00C04F79EFBC}") = "Poker", "Poker/Poker.csproj", "{AFAE4C2B-58ED-436B-9732-AA84C4628AC4}"
EndProject
Global
	GlobalSection(SolutionConfigurationPlatforms) = preSolution
		Debug|Any CPU = Debug|Any CPU
		Release|Any CPU = Release|Any CPU
	EndGlobalSection
	GlobalSection(ProjectConfigurationPlatforms) = postSolution
		{AFAE4C2B-58ED-436B-9732-AA84C4628AC4}.Debug|Any CPU.ActiveCfg = Debug|Any CPU
		{AFAE4C2B-58ED-436B-9732-AA84C4628AC4}.Debug|Any CPU.Build.0 = Debug|Any CPU
		{AFAE4C2B-58ED-436B-9732-AA84C4628AC4}.Release|Any CPU.ActiveCfg = Release|Any CPU
		{AFAE4C2B-58ED-436B-9732-AA84C4628AC4}.Release|Any CPU.Build.0 = Release|Any CPU
	EndGlobalSection
	GlobalSection(SolutionProperties) = preSolution
		HideSolutionNode = FALSE
	EndGlobalSection
	GlobalSection(ExtensibilityGlobals) = postSolution
		SolutionGuid = {C8E1D831-A8E2-4B45-86E1-B885CFD3B84A}
	EndGlobalSection
EndGlobal
